
Microsoft Visual Studio Solution File, Format Version 12.00
# Visual Studio Version 17
VisualStudioVersion = 17.9.34728.123
MinimumVisualStudioVersion = 10.0.40219.1
Project("{FAE04EC0-301F-11D3-BF4B-00C04F79EFBC}") = "pr9", "pr9.csproj", "{86211D6A-923E-44FB-8A84-8EA54C4F1639}"
EndProject
Global
	GlobalSection(SolutionConfigurationPlatforms) = preSolution
		Debug|Any CPU = Debug|Any CPU
		Release|Any CPU = Release|Any CPU
	EndGlobalSection
	GlobalSection(ProjectConfigurationPlatforms) = postSolution
		{86211D6A-923E-44FB-8A84-8EA54C4F1639}.Debug|Any CPU.ActiveCfg = Debug|Any CPU
		{86211D6A-923E-44FB-8A84-8EA54C4F1639}.Debug|Any CPU.Build.0 = Debug|Any CPU
		{86211D6A-923E-44FB-8A84-8EA54C4F1639}.Release|Any CPU.ActiveCfg = Release|Any CPU
		{86211D6A-923E-44FB-8A84-8EA54C4F1639}.Release|Any CPU.Build.0 = Release|Any CPU
	EndGlobalSection
	GlobalSection(SolutionProperties) = preSolution
		HideSolutionNode = FALSE
	EndGlobalSection
	GlobalSection(ExtensibilityGlobals) = postSolution
		SolutionGuid = {B4DF8A0D-7EF0-4221-A065-B376B979E3ED}
	EndGlobalSection
EndGlobal
